// !$*UTF8*$!
{
	archiveVersion = 1;
	classes = {
	};
	objectVersion = 46;
	objects = {

/* Begin PBXBuildFile section */
		5B7D8AF01EC5DBFC003A3983 /* cont.cpp in Sources */ = {isa = PBXBuildFile; fileRef = 5B7D8AED1EC5DBFC003A3983 /* cont.cpp */; };
		5B7D8AF11EC5DBFC003A3983 /* context.cpp in Sources */ = {isa = PBXBuildFile; fileRef = 5B7D8AEE1EC5DBFC003A3983 /* context.cpp */; };
		5B7D8AF21EC5DBFC003A3983 /* mallocWatch.cpp in Sources */ = {isa = PBXBuildFile; fileRef = 5B7D8AEF1EC5DBFC003A3983 /* mallocWatch.cpp */; };
		5B7D8AF31EC5DC0D003A3983 /* cont.cpp in Sources */ = {isa = PBXBuildFile; fileRef = 5B7D8AED1EC5DBFC003A3983 /* cont.cpp */; };
		5B7D8AF41EC5DC0D003A3983 /* context.cpp in Sources */ = {isa = PBXBuildFile; fileRef = 5B7D8AEE1EC5DBFC003A3983 /* context.cpp */; };
		5B7D8AF51EC5DC0D003A3983 /* mallocWatch.cpp in Sources */ = {isa = PBXBuildFile; fileRef = 5B7D8AEF1EC5DBFC003A3983 /* mallocWatch.cpp */; };
		5BE4DAAB1EC5DB460011E682 /* main2.cpp in Sources */ = {isa = PBXBuildFile; fileRef = 5BE4DAA81EC5DB460011E682 /* main2.cpp */; };
		5BE4DAAC1EC5DB460011E682 /* controller.cpp in Sources */ = {isa = PBXBuildFile; fileRef = 5BE4DAAA1EC5DB460011E682 /* controller.cpp */; };
		5BE4DAAD1EC5DB500011E682 /* main2.cpp in Sources */ = {isa = PBXBuildFile; fileRef = 5BE4DAA81EC5DB460011E682 /* main2.cpp */; };
		5BE4DAAE1EC5DB730011E682 /* controller.cpp in Sources */ = {isa = PBXBuildFile; fileRef = 5BE4DAAA1EC5DB460011E682 /* controller.cpp */; };
		5BE4DAAF1EC5DB730011E682 /* BitDomain.cpp in Sources */ = {isa = PBXBuildFile; fileRef = 5BF16D991E19A0EC003B538B /* BitDomain.cpp */; };
		5BE4DAB01EC5DB730011E682 /* constraint.cpp in Sources */ = {isa = PBXBuildFile; fileRef = 5BF16D9B1E19A0EC003B538B /* constraint.cpp */; };
		5BE4DAB11EC5DB730011E682 /* engine.cpp in Sources */ = {isa = PBXBuildFile; fileRef = 5BF16D9D1E19A0EC003B538B /* engine.cpp */; };
		5BE4DAB21EC5DB730011E682 /* intvar.cpp in Sources */ = {isa = PBXBuildFile; fileRef = 5BF16DA01E19A0EC003B538B /* intvar.cpp */; };
		5BE4DAB31EC5DB730011E682 /* reversible.cpp in Sources */ = {isa = PBXBuildFile; fileRef = 5BF16DA31E19A0EC003B538B /* reversible.cpp */; };
		5BE4DAB41EC5DB730011E682 /* search.cpp in Sources */ = {isa = PBXBuildFile; fileRef = 5BF16DA51E19A0EC003B538B /* search.cpp */; };
		5BE4DAB51EC5DB730011E682 /* solver.cpp in Sources */ = {isa = PBXBuildFile; fileRef = 5BF16DA71E19A0EC003B538B /* solver.cpp */; };
		5BF16DA91E19A0EC003B538B /* BitDomain.cpp in Sources */ = {isa = PBXBuildFile; fileRef = 5BF16D991E19A0EC003B538B /* BitDomain.cpp */; };
		5BF16DAA1E19A0EC003B538B /* constraint.cpp in Sources */ = {isa = PBXBuildFile; fileRef = 5BF16D9B1E19A0EC003B538B /* constraint.cpp */; };
		5BF16DAB1E19A0EC003B538B /* engine.cpp in Sources */ = {isa = PBXBuildFile; fileRef = 5BF16D9D1E19A0EC003B538B /* engine.cpp */; };
		5BF16DAC1E19A0EC003B538B /* intvar.cpp in Sources */ = {isa = PBXBuildFile; fileRef = 5BF16DA01E19A0EC003B538B /* intvar.cpp */; };
		5BF16DAD1E19A0EC003B538B /* main.cpp in Sources */ = {isa = PBXBuildFile; fileRef = 5BF16DA21E19A0EC003B538B /* main.cpp */; };
		5BF16DAE1E19A0EC003B538B /* reversible.cpp in Sources */ = {isa = PBXBuildFile; fileRef = 5BF16DA31E19A0EC003B538B /* reversible.cpp */; };
		5BF16DAF1E19A0EC003B538B /* search.cpp in Sources */ = {isa = PBXBuildFile; fileRef = 5BF16DA51E19A0EC003B538B /* search.cpp */; };
		5BF16DB01E19A0EC003B538B /* solver.cpp in Sources */ = {isa = PBXBuildFile; fileRef = 5BF16DA71E19A0EC003B538B /* solver.cpp */; };
/* End PBXBuildFile section */

/* Begin PBXCopyFilesBuildPhase section */
		5BE4DA9F1EC5DB180011E682 /* CopyFiles */ = {
			isa = PBXCopyFilesBuildPhase;
			buildActionMask = 2147483647;
			dstPath = /usr/share/man/man1/;
			dstSubfolderSpec = 0;
			files = (
			);
			runOnlyForDeploymentPostprocessing = 1;
		};
		5BF16D8B1E19A0B1003B538B /* CopyFiles */ = {
			isa = PBXCopyFilesBuildPhase;
			buildActionMask = 2147483647;
			dstPath = /usr/share/man/man1/;
			dstSubfolderSpec = 0;
			files = (
			);
			runOnlyForDeploymentPostprocessing = 1;
		};
/* End PBXCopyFilesBuildPhase section */

/* Begin PBXFileReference section */
		5B7D8AED1EC5DBFC003A3983 /* cont.cpp */ = {isa = PBXFileReference; fileEncoding = 4; lastKnownFileType = sourcecode.cpp.cpp; name = cont.cpp; path = ../cont.cpp; sourceTree = "<group>"; };
		5B7D8AEE1EC5DBFC003A3983 /* context.cpp */ = {isa = PBXFileReference; fileEncoding = 4; lastKnownFileType = sourcecode.cpp.cpp; name = context.cpp; path = ../context.cpp; sourceTree = "<group>"; };
		5B7D8AEF1EC5DBFC003A3983 /* mallocWatch.cpp */ = {isa = PBXFileReference; fileEncoding = 4; lastKnownFileType = sourcecode.cpp.cpp; name = mallocWatch.cpp; path = ../mallocWatch.cpp; sourceTree = "<group>"; };
		5BE4DAA11EC5DB180011E682 /* minitest2 */ = {isa = PBXFileReference; explicitFileType = "compiled.mach-o.executable"; includeInIndex = 0; path = minitest2; sourceTree = BUILT_PRODUCTS_DIR; };
		5BE4DAA31EC5DB180011E682 /* main.cpp */ = {isa = PBXFileReference; lastKnownFileType = sourcecode.cpp.cpp; path = main.cpp; sourceTree = "<group>"; };
		5BE4DAA81EC5DB460011E682 /* main2.cpp */ = {isa = PBXFileReference; fileEncoding = 4; lastKnownFileType = sourcecode.cpp.cpp; name = main2.cpp; path = ../main2.cpp; sourceTree = "<group>"; };
		5BE4DAA91EC5DB460011E682 /* controller.hpp */ = {isa = PBXFileReference; fileEncoding = 4; lastKnownFileType = sourcecode.cpp.h; name = controller.hpp; path = ../controller.hpp; sourceTree = "<group>"; };
		5BE4DAAA1EC5DB460011E682 /* controller.cpp */ = {isa = PBXFileReference; fileEncoding = 4; lastKnownFileType = sourcecode.cpp.cpp; name = controller.cpp; path = ../controller.cpp; sourceTree = "<group>"; };
		5BF16D8D1E19A0B1003B538B /* minitest */ = {isa = PBXFileReference; explicitFileType = "compiled.mach-o.executable"; includeInIndex = 0; path = minitest; sourceTree = BUILT_PRODUCTS_DIR; };
		5BF16D901E19A0B1003B538B /* main.cpp */ = {isa = PBXFileReference; lastKnownFileType = sourcecode.cpp.cpp; path = main.cpp; sourceTree = "<group>"; };
		5BF16D971E19A0EC003B538B /* acstr.hpp */ = {isa = PBXFileReference; fileEncoding = 4; lastKnownFileType = sourcecode.cpp.h; name = acstr.hpp; path = ../acstr.hpp; sourceTree = "<group>"; };
		5BF16D981E19A0EC003B538B /* avar.hpp */ = {isa = PBXFileReference; fileEncoding = 4; lastKnownFileType = sourcecode.cpp.h; name = avar.hpp; path = ../avar.hpp; sourceTree = "<group>"; };
		5BF16D991E19A0EC003B538B /* BitDomain.cpp */ = {isa = PBXFileReference; fileEncoding = 4; lastKnownFileType = sourcecode.cpp.cpp; name = BitDomain.cpp; path = ../BitDomain.cpp; sourceTree = "<group>"; };
		5BF16D9A1E19A0EC003B538B /* BitDomain.hpp */ = {isa = PBXFileReference; fileEncoding = 4; lastKnownFileType = sourcecode.cpp.h; name = BitDomain.hpp; path = ../BitDomain.hpp; sourceTree = "<group>"; };
		5BF16D9B1E19A0EC003B538B /* constraint.cpp */ = {isa = PBXFileReference; fileEncoding = 4; lastKnownFileType = sourcecode.cpp.cpp; name = constraint.cpp; path = ../constraint.cpp; sourceTree = "<group>"; };
		5BF16D9C1E19A0EC003B538B /* constraint.hpp */ = {isa = PBXFileReference; fileEncoding = 4; lastKnownFileType = sourcecode.cpp.h; name = constraint.hpp; path = ../constraint.hpp; sourceTree = "<group>"; };
		5BF16D9D1E19A0EC003B538B /* engine.cpp */ = {isa = PBXFileReference; fileEncoding = 4; lastKnownFileType = sourcecode.cpp.cpp; name = engine.cpp; path = ../engine.cpp; sourceTree = "<group>"; };
		5BF16D9E1E19A0EC003B538B /* engine.hpp */ = {isa = PBXFileReference; fileEncoding = 4; lastKnownFileType = sourcecode.cpp.h; name = engine.hpp; path = ../engine.hpp; sourceTree = "<group>"; };
		5BF16D9F1E19A0EC003B538B /* fail.hpp */ = {isa = PBXFileReference; fileEncoding = 4; lastKnownFileType = sourcecode.cpp.h; name = fail.hpp; path = ../fail.hpp; sourceTree = "<group>"; };
		5BF16DA01E19A0EC003B538B /* intvar.cpp */ = {isa = PBXFileReference; fileEncoding = 4; lastKnownFileType = sourcecode.cpp.cpp; name = intvar.cpp; path = ../intvar.cpp; sourceTree = "<group>"; };
		5BF16DA11E19A0EC003B538B /* intvar.hpp */ = {isa = PBXFileReference; fileEncoding = 4; lastKnownFileType = sourcecode.cpp.h; name = intvar.hpp; path = ../intvar.hpp; sourceTree = "<group>"; };
		5BF16DA21E19A0EC003B538B /* main.cpp */ = {isa = PBXFileReference; fileEncoding = 4; lastKnownFileType = sourcecode.cpp.cpp; name = main.cpp; path = ../main.cpp; sourceTree = "<group>"; };
		5BF16DA31E19A0EC003B538B /* reversible.cpp */ = {isa = PBXFileReference; fileEncoding = 4; lastKnownFileType = sourcecode.cpp.cpp; name = reversible.cpp; path = ../reversible.cpp; sourceTree = "<group>"; };
		5BF16DA41E19A0EC003B538B /* reversible.hpp */ = {isa = PBXFileReference; fileEncoding = 4; lastKnownFileType = sourcecode.cpp.h; name = reversible.hpp; path = ../reversible.hpp; sourceTree = "<group>"; };
		5BF16DA51E19A0EC003B538B /* search.cpp */ = {isa = PBXFileReference; fileEncoding = 4; lastKnownFileType = sourcecode.cpp.cpp; name = search.cpp; path = ../search.cpp; sourceTree = "<group>"; };
		5BF16DA61E19A0EC003B538B /* search.hpp */ = {isa = PBXFileReference; fileEncoding = 4; lastKnownFileType = sourcecode.cpp.h; name = search.hpp; path = ../search.hpp; sourceTree = "<group>"; };
		5BF16DA71E19A0EC003B538B /* solver.cpp */ = {isa = PBXFileReference; fileEncoding = 4; lastKnownFileType = sourcecode.cpp.cpp; name = solver.cpp; path = ../solver.cpp; sourceTree = "<group>"; };
		5BF16DA81E19A0EC003B538B /* solver.hpp */ = {isa = PBXFileReference; fileEncoding = 4; lastKnownFileType = sourcecode.cpp.h; name = solver.hpp; path = ../solver.hpp; sourceTree = "<group>"; };
/* End PBXFileReference section */

/* Begin PBXFrameworksBuildPhase section */
		5BE4DA9E1EC5DB180011E682 /* Frameworks */ = {
			isa = PBXFrameworksBuildPhase;
			buildActionMask = 2147483647;
			files = (
			);
			runOnlyForDeploymentPostprocessing = 0;
		};
		5BF16D8A1E19A0B1003B538B /* Frameworks */ = {
			isa = PBXFrameworksBuildPhase;
			buildActionMask = 2147483647;
			files = (
			);
			runOnlyForDeploymentPostprocessing = 0;
		};
/* End PBXFrameworksBuildPhase section */

/* Begin PBXGroup section */
		5BE4DAA21EC5DB180011E682 /* minitest2 */ = {
			isa = PBXGroup;
			children = (
				5BE4DAA31EC5DB180011E682 /* main.cpp */,
			);
			path = minitest2;
			sourceTree = "<group>";
		};
		5BF16D841E19A0B1003B538B = {
			isa = PBXGroup;
			children = (
				5B7D8AED1EC5DBFC003A3983 /* cont.cpp */,
				5B7D8AEE1EC5DBFC003A3983 /* context.cpp */,
				5B7D8AEF1EC5DBFC003A3983 /* mallocWatch.cpp */,
				5BE4DAA81EC5DB460011E682 /* main2.cpp */,
				5BE4DAA91EC5DB460011E682 /* controller.hpp */,
				5BE4DAAA1EC5DB460011E682 /* controller.cpp */,
				5BF16D971E19A0EC003B538B /* acstr.hpp */,
				5BF16D981E19A0EC003B538B /* avar.hpp */,
				5BF16D991E19A0EC003B538B /* BitDomain.cpp */,
				5BF16D9A1E19A0EC003B538B /* BitDomain.hpp */,
				5BF16D9B1E19A0EC003B538B /* constraint.cpp */,
				5BF16D9C1E19A0EC003B538B /* constraint.hpp */,
				5BF16D9D1E19A0EC003B538B /* engine.cpp */,
				5BF16D9E1E19A0EC003B538B /* engine.hpp */,
				5BF16D9F1E19A0EC003B538B /* fail.hpp */,
				5BF16DA01E19A0EC003B538B /* intvar.cpp */,
				5BF16DA11E19A0EC003B538B /* intvar.hpp */,
				5BF16DA21E19A0EC003B538B /* main.cpp */,
				5BF16DA31E19A0EC003B538B /* reversible.cpp */,
				5BF16DA41E19A0EC003B538B /* reversible.hpp */,
				5BF16DA51E19A0EC003B538B /* search.cpp */,
				5BF16DA61E19A0EC003B538B /* search.hpp */,
				5BF16DA71E19A0EC003B538B /* solver.cpp */,
				5BF16DA81E19A0EC003B538B /* solver.hpp */,
				5BF16D8F1E19A0B1003B538B /* minitest */,
				5BE4DAA21EC5DB180011E682 /* minitest2 */,
				5BF16D8E1E19A0B1003B538B /* Products */,
			);
			sourceTree = "<group>";
		};
		5BF16D8E1E19A0B1003B538B /* Products */ = {
			isa = PBXGroup;
			children = (
				5BF16D8D1E19A0B1003B538B /* minitest */,
				5BE4DAA11EC5DB180011E682 /* minitest2 */,
			);
			name = Products;
			sourceTree = "<group>";
		};
		5BF16D8F1E19A0B1003B538B /* minitest */ = {
			isa = PBXGroup;
			children = (
				5BF16D901E19A0B1003B538B /* main.cpp */,
			);
			path = minitest;
			sourceTree = "<group>";
		};
/* End PBXGroup section */

/* Begin PBXNativeTarget section */
		5BE4DAA01EC5DB180011E682 /* minitest2 */ = {
			isa = PBXNativeTarget;
			buildConfigurationList = 5BE4DAA71EC5DB180011E682 /* Build configuration list for PBXNativeTarget "minitest2" */;
			buildPhases = (
				5BE4DA9D1EC5DB180011E682 /* Sources */,
				5BE4DA9E1EC5DB180011E682 /* Frameworks */,
				5BE4DA9F1EC5DB180011E682 /* CopyFiles */,
			);
			buildRules = (
			);
			dependencies = (
			);
			name = minitest2;
			productName = minitest2;
			productReference = 5BE4DAA11EC5DB180011E682 /* minitest2 */;
			productType = "com.apple.product-type.tool";
		};
		5BF16D8C1E19A0B1003B538B /* minitest */ = {
			isa = PBXNativeTarget;
			buildConfigurationList = 5BF16D941E19A0B1003B538B /* Build configuration list for PBXNativeTarget "minitest" */;
			buildPhases = (
				5BF16D891E19A0B1003B538B /* Sources */,
				5BF16D8A1E19A0B1003B538B /* Frameworks */,
				5BF16D8B1E19A0B1003B538B /* CopyFiles */,
			);
			buildRules = (
			);
			dependencies = (
			);
			name = minitest;
			productName = minitest;
			productReference = 5BF16D8D1E19A0B1003B538B /* minitest */;
			productType = "com.apple.product-type.tool";
		};
/* End PBXNativeTarget section */

/* Begin PBXProject section */
		5BF16D851E19A0B1003B538B /* Project object */ = {
			isa = PBXProject;
			attributes = {
				LastUpgradeCheck = 0820;
				ORGANIZATIONNAME = "Laurent Michel";
				TargetAttributes = {
					5BE4DAA01EC5DB180011E682 = {
						CreatedOnToolsVersion = 8.3.2;
						ProvisioningStyle = Automatic;
					};
					5BF16D8C1E19A0B1003B538B = {
						CreatedOnToolsVersion = 8.2.1;
						ProvisioningStyle = Automatic;
					};
				};
			};
			buildConfigurationList = 5BF16D881E19A0B1003B538B /* Build configuration list for PBXProject "minitest" */;
			compatibilityVersion = "Xcode 3.2";
			developmentRegion = English;
			hasScannedForEncodings = 0;
			knownRegions = (
				en,
			);
			mainGroup = 5BF16D841E19A0B1003B538B;
			productRefGroup = 5BF16D8E1E19A0B1003B538B /* Products */;
			projectDirPath = "";
			projectRoot = "";
			targets = (
				5BF16D8C1E19A0B1003B538B /* minitest */,
				5BE4DAA01EC5DB180011E682 /* minitest2 */,
			);
		};
/* End PBXProject section */

/* Begin PBXSourcesBuildPhase section */
		5BE4DA9D1EC5DB180011E682 /* Sources */ = {
			isa = PBXSourcesBuildPhase;
			buildActionMask = 2147483647;
			files = (
				5BE4DAAE1EC5DB730011E682 /* controller.cpp in Sources */,
				5BE4DAAF1EC5DB730011E682 /* BitDomain.cpp in Sources */,
				5BE4DAB01EC5DB730011E682 /* constraint.cpp in Sources */,
				5BE4DAB11EC5DB730011E682 /* engine.cpp in Sources */,
				5BE4DAB21EC5DB730011E682 /* intvar.cpp in Sources */,
				5BE4DAB31EC5DB730011E682 /* reversible.cpp in Sources */,
				5BE4DAB41EC5DB730011E682 /* search.cpp in Sources */,
				5BE4DAB51EC5DB730011E682 /* solver.cpp in Sources */,
				5B7D8AF31EC5DC0D003A3983 /* cont.cpp in Sources */,
				5B7D8AF41EC5DC0D003A3983 /* context.cpp in Sources */,
				5B7D8AF51EC5DC0D003A3983 /* mallocWatch.cpp in Sources */,
				5BE4DAAD1EC5DB500011E682 /* main2.cpp in Sources */,
			);
			runOnlyForDeploymentPostprocessing = 0;
		};
		5BF16D891E19A0B1003B538B /* Sources */ = {
			isa = PBXSourcesBuildPhase;
			buildActionMask = 2147483647;
			files = (
				5BE4DAAB1EC5DB460011E682 /* main2.cpp in Sources */,
				5BF16DAA1E19A0EC003B538B /* constraint.cpp in Sources */,
				5B7D8AF21EC5DBFC003A3983 /* mallocWatch.cpp in Sources */,
				5B7D8AF01EC5DBFC003A3983 /* cont.cpp in Sources */,
				5BF16DAF1E19A0EC003B538B /* search.cpp in Sources */,
				5BF16DAE1E19A0EC003B538B /* reversible.cpp in Sources */,
				5BF16DAB1E19A0EC003B538B /* engine.cpp in Sources */,
				5BF16DA91E19A0EC003B538B /* BitDomain.cpp in Sources */,
				5BF16DAC1E19A0EC003B538B /* intvar.cpp in Sources */,
				5BE4DAAC1EC5DB460011E682 /* controller.cpp in Sources */,
				5B7D8AF11EC5DBFC003A3983 /* context.cpp in Sources */,
				5BF16DB01E19A0EC003B538B /* solver.cpp in Sources */,
				5BF16DAD1E19A0EC003B538B /* main.cpp in Sources */,
			);
			runOnlyForDeploymentPostprocessing = 0;
		};
/* End PBXSourcesBuildPhase section */

/* Begin XCBuildConfiguration section */
		5BE4DAA51EC5DB180011E682 /* Debug */ = {
			isa = XCBuildConfiguration;
			buildSettings = {
				CLANG_ANALYZER_NUMBER_OBJECT_CONVERSION = YES_AGGRESSIVE;
				CLANG_CXX_LANGUAGE_STANDARD = "c++14";
				PRODUCT_NAME = "$(TARGET_NAME)";
			};
			name = Debug;
		};
		5BE4DAA61EC5DB180011E682 /* Release */ = {
			isa = XCBuildConfiguration;
			buildSettings = {
				CLANG_ANALYZER_NUMBER_OBJECT_CONVERSION = YES_AGGRESSIVE;
				CLANG_CXX_LANGUAGE_STANDARD = "c++14";
				PRODUCT_NAME = "$(TARGET_NAME)";
			};
			name = Release;
		};
		5BF16D921E19A0B1003B538B /* Debug */ = {
			isa = XCBuildConfiguration;
			buildSettings = {
				ALWAYS_SEARCH_USER_PATHS = NO;
				CLANG_ANALYZER_NONNULL = YES;
				CLANG_CXX_LANGUAGE_STANDARD = "gnu++0x";
				CLANG_CXX_LIBRARY = "libc++";
				CLANG_ENABLE_MODULES = YES;
				CLANG_ENABLE_OBJC_ARC = YES;
				CLANG_WARN_BOOL_CONVERSION = YES;
				CLANG_WARN_CONSTANT_CONVERSION = YES;
				CLANG_WARN_DIRECT_OBJC_ISA_USAGE = YES_ERROR;
				CLANG_WARN_DOCUMENTATION_COMMENTS = YES;
				CLANG_WARN_EMPTY_BODY = YES;
				CLANG_WARN_ENUM_CONVERSION = YES;
				CLANG_WARN_INFINITE_RECURSION = YES;
				CLANG_WARN_INT_CONVERSION = YES;
				CLANG_WARN_OBJC_ROOT_CLASS = YES_ERROR;
				CLANG_WARN_SUSPICIOUS_MOVE = YES;
				CLANG_WARN_UNREACHABLE_CODE = YES;
				CLANG_WARN__DUPLICATE_METHOD_MATCH = YES;
				CODE_SIGN_IDENTITY = "-";
				COPY_PHASE_STRIP = NO;
				DEBUG_INFORMATION_FORMAT = dwarf;
				ENABLE_STRICT_OBJC_MSGSEND = YES;
				ENABLE_TESTABILITY = YES;
				GCC_C_LANGUAGE_STANDARD = gnu99;
				GCC_DYNAMIC_NO_PIC = NO;
				GCC_NO_COMMON_BLOCKS = YES;
				GCC_OPTIMIZATION_LEVEL = 0;
				GCC_PREPROCESSOR_DEFINITIONS = (
					"DEBUG=1",
					"$(inherited)",
				);
				GCC_WARN_64_TO_32_BIT_CONVERSION = YES;
				GCC_WARN_ABOUT_RETURN_TYPE = YES_ERROR;
				GCC_WARN_UNDECLARED_SELECTOR = YES;
				GCC_WARN_UNINITIALIZED_AUTOS = YES_AGGRESSIVE;
				GCC_WARN_UNUSED_FUNCTION = YES;
				GCC_WARN_UNUSED_VARIABLE = YES;
				MACOSX_DEPLOYMENT_TARGET = 10.12;
				MTL_ENABLE_DEBUG_INFO = YES;
				ONLY_ACTIVE_ARCH = YES;
				SDKROOT = macosx;
			};
			name = Debug;
		};
		5BF16D931E19A0B1003B538B /* Release */ = {
			isa = XCBuildConfiguration;
			buildSettings = {
				ALWAYS_SEARCH_USER_PATHS = NO;
				CLANG_ANALYZER_NONNULL = YES;
				CLANG_CXX_LANGUAGE_STANDARD = "gnu++0x";
				CLANG_CXX_LIBRARY = "libc++";
				CLANG_ENABLE_MODULES = YES;
				CLANG_ENABLE_OBJC_ARC = YES;
				CLANG_WARN_BOOL_CONVERSION = YES;
				CLANG_WARN_CONSTANT_CONVERSION = YES;
				CLANG_WARN_DIRECT_OBJC_ISA_USAGE = YES_ERROR;
				CLANG_WARN_DOCUMENTATION_COMMENTS = YES;
				CLANG_WARN_EMPTY_BODY = YES;
				CLANG_WARN_ENUM_CONVERSION = YES;
				CLANG_WARN_INFINITE_RECURSION = YES;
				CLANG_WARN_INT_CONVERSION = YES;
				CLANG_WARN_OBJC_ROOT_CLASS = YES_ERROR;
				CLANG_WARN_SUSPICIOUS_MOVE = YES;
				CLANG_WARN_UNREACHABLE_CODE = YES;
				CLANG_WARN__DUPLICATE_METHOD_MATCH = YES;
				CODE_SIGN_IDENTITY = "-";
				COPY_PHASE_STRIP = NO;
				DEBUG_INFORMATION_FORMAT = "dwarf-with-dsym";
				ENABLE_NS_ASSERTIONS = NO;
				ENABLE_STRICT_OBJC_MSGSEND = YES;
				GCC_C_LANGUAGE_STANDARD = gnu99;
				GCC_NO_COMMON_BLOCKS = YES;
				GCC_WARN_64_TO_32_BIT_CONVERSION = YES;
				GCC_WARN_ABOUT_RETURN_TYPE = YES_ERROR;
				GCC_WARN_UNDECLARED_SELECTOR = YES;
				GCC_WARN_UNINITIALIZED_AUTOS = YES_AGGRESSIVE;
				GCC_WARN_UNUSED_FUNCTION = YES;
				GCC_WARN_UNUSED_VARIABLE = YES;
				MACOSX_DEPLOYMENT_TARGET = 10.12;
				MTL_ENABLE_DEBUG_INFO = NO;
				SDKROOT = macosx;
			};
			name = Release;
		};
		5BF16D951E19A0B1003B538B /* Debug */ = {
			isa = XCBuildConfiguration;
			buildSettings = {
				CLANG_CXX_LANGUAGE_STANDARD = "c++14";
				PRODUCT_NAME = "$(TARGET_NAME)";
			};
			name = Debug;
		};
		5BF16D961E19A0B1003B538B /* Release */ = {
			isa = XCBuildConfiguration;
			buildSettings = {
				CLANG_CXX_LANGUAGE_STANDARD = "c++14";
				PRODUCT_NAME = "$(TARGET_NAME)";
			};
			name = Release;
		};
/* End XCBuildConfiguration section */

/* Begin XCConfigurationList section */
		5BE4DAA71EC5DB180011E682 /* Build configuration list for PBXNativeTarget "minitest2" */ = {
			isa = XCConfigurationList;
			buildConfigurations = (
				5BE4DAA51EC5DB180011E682 /* Debug */,
				5BE4DAA61EC5DB180011E682 /* Release */,
			);
			defaultConfigurationIsVisible = 0;
			defaultConfigurationName = Release;
		};
		5BF16D881E19A0B1003B538B /* Build configuration list for PBXProject "minitest" */ = {
			isa = XCConfigurationList;
			buildConfigurations = (
				5BF16D921E19A0B1003B538B /* Debug */,
				5BF16D931E19A0B1003B538B /* Release */,
			);
			defaultConfigurationIsVisible = 0;
			defaultConfigurationName = Release;
		};
		5BF16D941E19A0B1003B538B /* Build configuration list for PBXNativeTarget "minitest" */ = {
			isa = XCConfigurationList;
			buildConfigurations = (
				5BF16D951E19A0B1003B538B /* Debug */,
				5BF16D961E19A0B1003B538B /* Release */,
			);
			defaultConfigurationIsVisible = 0;
			defaultConfigurationName = Release;
		};
/* End XCConfigurationList section */
	};
	rootObject = 5BF16D851E19A0B1003B538B /* Project object */;
}
